// !$*UTF8*$!
{
	archiveVersion = 1;
	classes = {
	};
	objectVersion = 46;
	objects = {

/* Begin PBXBuildFile section */
		5E1390301BCFFF3A006817A1 /* AppDelegate.swift in Sources */ = {isa = PBXBuildFile; fileRef = 5E13902F1BCFFF3A006817A1 /* AppDelegate.swift */; };
		5E1390351BCFFF3A006817A1 /* Main.storyboard in Resources */ = {isa = PBXBuildFile; fileRef = 5E1390331BCFFF3A006817A1 /* Main.storyboard */; };
		5E1390381BCFFF3A006817A1 /* Shakeable.xcdatamodeld in Sources */ = {isa = PBXBuildFile; fileRef = 5E1390361BCFFF3A006817A1 /* Shakeable.xcdatamodeld */; };
		5E13903A1BCFFF3A006817A1 /* Assets.xcassets in Resources */ = {isa = PBXBuildFile; fileRef = 5E1390391BCFFF3A006817A1 /* Assets.xcassets */; };
		5E13903D1BCFFF3A006817A1 /* LaunchScreen.storyboard in Resources */ = {isa = PBXBuildFile; fileRef = 5E13903B1BCFFF3A006817A1 /* LaunchScreen.storyboard */; };
		5E1390481BCFFF3A006817A1 /* ShakeableTests.swift in Sources */ = {isa = PBXBuildFile; fileRef = 5E1390471BCFFF3A006817A1 /* ShakeableTests.swift */; };
		5E1390531BCFFF3A006817A1 /* ShakeableUITests.swift in Sources */ = {isa = PBXBuildFile; fileRef = 5E1390521BCFFF3A006817A1 /* ShakeableUITests.swift */; };
		79672AF31BD02A7E00493E67 /* RespostasTennis.swift in Sources */ = {isa = PBXBuildFile; fileRef = 79672AF21BD02A7E00493E67 /* RespostasTennis.swift */; settings = {ASSET_TAGS = (); }; };
		79672AF71BD02A8900493E67 /* Respostas8Ball.swift in Sources */ = {isa = PBXBuildFile; fileRef = 79672AF41BD02A8900493E67 /* Respostas8Ball.swift */; settings = {ASSET_TAGS = (); }; };
		79672AF81BD02A8900493E67 /* BasketballAnswers.swift in Sources */ = {isa = PBXBuildFile; fileRef = 79672AF51BD02A8900493E67 /* BasketballAnswers.swift */; settings = {ASSET_TAGS = (); }; };
		79672AF91BD02A8900493E67 /* RespostasGenericas.swift in Sources */ = {isa = PBXBuildFile; fileRef = 79672AF61BD02A8900493E67 /* RespostasGenericas.swift */; settings = {ASSET_TAGS = (); }; };
		79F071881BD0289E00646DD5 /* GameViewController.swift in Sources */ = {isa = PBXBuildFile; fileRef = 79F071851BD0289E00646DD5 /* GameViewController.swift */; settings = {ASSET_TAGS = (); }; };
		79F071891BD0289E00646DD5 /* BallsCollectionViewController.swift in Sources */ = {isa = PBXBuildFile; fileRef = 79F071861BD0289E00646DD5 /* BallsCollectionViewController.swift */; settings = {ASSET_TAGS = (); }; };
		A721F8D61BD02DA900AC1554 /* GameScene.swift in Sources */ = {isa = PBXBuildFile; fileRef = A721F8D51BD02DA900AC1554 /* GameScene.swift */; settings = {ASSET_TAGS = (); }; };
		A721F8D91BD02E3100AC1554 /* Physics.swift in Sources */ = {isa = PBXBuildFile; fileRef = A721F8D81BD02E3100AC1554 /* Physics.swift */; settings = {ASSET_TAGS = (); }; };
/* End PBXBuildFile section */

/* Begin PBXContainerItemProxy section */
		5E1390441BCFFF3A006817A1 /* PBXContainerItemProxy */ = {
			isa = PBXContainerItemProxy;
			containerPortal = 5E1390241BCFFF3A006817A1 /* Project object */;
			proxyType = 1;
			remoteGlobalIDString = 5E13902B1BCFFF3A006817A1;
			remoteInfo = Shakeable;
		};
		5E13904F1BCFFF3A006817A1 /* PBXContainerItemProxy */ = {
			isa = PBXContainerItemProxy;
			containerPortal = 5E1390241BCFFF3A006817A1 /* Project object */;
			proxyType = 1;
			remoteGlobalIDString = 5E13902B1BCFFF3A006817A1;
			remoteInfo = Shakeable;
		};
/* End PBXContainerItemProxy section */

/* Begin PBXFileReference section */
		5E13902C1BCFFF3A006817A1 /* Shakeable.app */ = {isa = PBXFileReference; explicitFileType = wrapper.application; includeInIndex = 0; path = Shakeable.app; sourceTree = BUILT_PRODUCTS_DIR; };
		5E13902F1BCFFF3A006817A1 /* AppDelegate.swift */ = {isa = PBXFileReference; lastKnownFileType = sourcecode.swift; path = AppDelegate.swift; sourceTree = "<group>"; };
		5E1390341BCFFF3A006817A1 /* Base */ = {isa = PBXFileReference; lastKnownFileType = file.storyboard; name = Base; path = Base.lproj/Main.storyboard; sourceTree = "<group>"; };
		5E1390371BCFFF3A006817A1 /* Shakeable.xcdatamodel */ = {isa = PBXFileReference; lastKnownFileType = wrapper.xcdatamodel; path = Shakeable.xcdatamodel; sourceTree = "<group>"; };
		5E1390391BCFFF3A006817A1 /* Assets.xcassets */ = {isa = PBXFileReference; lastKnownFileType = folder.assetcatalog; path = Assets.xcassets; sourceTree = "<group>"; };
		5E13903C1BCFFF3A006817A1 /* Base */ = {isa = PBXFileReference; lastKnownFileType = file.storyboard; name = Base; path = Base.lproj/LaunchScreen.storyboard; sourceTree = "<group>"; };
		5E13903E1BCFFF3A006817A1 /* Info.plist */ = {isa = PBXFileReference; lastKnownFileType = text.plist.xml; path = Info.plist; sourceTree = "<group>"; };
		5E1390431BCFFF3A006817A1 /* ShakeableTests.xctest */ = {isa = PBXFileReference; explicitFileType = wrapper.cfbundle; includeInIndex = 0; path = ShakeableTests.xctest; sourceTree = BUILT_PRODUCTS_DIR; };
		5E1390471BCFFF3A006817A1 /* ShakeableTests.swift */ = {isa = PBXFileReference; lastKnownFileType = sourcecode.swift; path = ShakeableTests.swift; sourceTree = "<group>"; };
		5E1390491BCFFF3A006817A1 /* Info.plist */ = {isa = PBXFileReference; lastKnownFileType = text.plist.xml; path = Info.plist; sourceTree = "<group>"; };
		5E13904E1BCFFF3A006817A1 /* ShakeableUITests.xctest */ = {isa = PBXFileReference; explicitFileType = wrapper.cfbundle; includeInIndex = 0; path = ShakeableUITests.xctest; sourceTree = BUILT_PRODUCTS_DIR; };
		5E1390521BCFFF3A006817A1 /* ShakeableUITests.swift */ = {isa = PBXFileReference; lastKnownFileType = sourcecode.swift; path = ShakeableUITests.swift; sourceTree = "<group>"; };
		5E1390541BCFFF3A006817A1 /* Info.plist */ = {isa = PBXFileReference; lastKnownFileType = text.plist.xml; path = Info.plist; sourceTree = "<group>"; };
		79672AF21BD02A7E00493E67 /* RespostasTennis.swift */ = {isa = PBXFileReference; fileEncoding = 4; lastKnownFileType = sourcecode.swift; path = RespostasTennis.swift; sourceTree = "<group>"; };
		79672AF41BD02A8900493E67 /* Respostas8Ball.swift */ = {isa = PBXFileReference; fileEncoding = 4; lastKnownFileType = sourcecode.swift; path = Respostas8Ball.swift; sourceTree = "<group>"; };
		79672AF51BD02A8900493E67 /* BasketballAnswers.swift */ = {isa = PBXFileReference; fileEncoding = 4; lastKnownFileType = sourcecode.swift; path = BasketballAnswers.swift; sourceTree = "<group>"; };
		79672AF61BD02A8900493E67 /* RespostasGenericas.swift */ = {isa = PBXFileReference; fileEncoding = 4; lastKnownFileType = sourcecode.swift; path = RespostasGenericas.swift; sourceTree = "<group>"; };
		79F071851BD0289E00646DD5 /* GameViewController.swift */ = {isa = PBXFileReference; fileEncoding = 4; lastKnownFileType = sourcecode.swift; path = GameViewController.swift; sourceTree = "<group>"; };
		79F071861BD0289E00646DD5 /* BallsCollectionViewController.swift */ = {isa = PBXFileReference; fileEncoding = 4; lastKnownFileType = sourcecode.swift; path = BallsCollectionViewController.swift; sourceTree = "<group>"; };
		A721F8D51BD02DA900AC1554 /* GameScene.swift */ = {isa = PBXFileReference; fileEncoding = 4; lastKnownFileType = sourcecode.swift; path = GameScene.swift; sourceTree = "<group>"; };
		A721F8D81BD02E3100AC1554 /* Physics.swift */ = {isa = PBXFileReference; fileEncoding = 4; lastKnownFileType = sourcecode.swift; path = Physics.swift; sourceTree = "<group>"; };
/* End PBXFileReference section */

/* Begin PBXFrameworksBuildPhase section */
		5E1390291BCFFF3A006817A1 /* Frameworks */ = {
			isa = PBXFrameworksBuildPhase;
			buildActionMask = 2147483647;
			files = (
			);
			runOnlyForDeploymentPostprocessing = 0;
		};
		5E1390401BCFFF3A006817A1 /* Frameworks */ = {
			isa = PBXFrameworksBuildPhase;
			buildActionMask = 2147483647;
			files = (
			);
			runOnlyForDeploymentPostprocessing = 0;
		};
		5E13904B1BCFFF3A006817A1 /* Frameworks */ = {
			isa = PBXFrameworksBuildPhase;
			buildActionMask = 2147483647;
			files = (
			);
			runOnlyForDeploymentPostprocessing = 0;
		};
/* End PBXFrameworksBuildPhase section */

/* Begin PBXGroup section */
		5E1390231BCFFF3A006817A1 = {
			isa = PBXGroup;
			children = (
				5E13902E1BCFFF3A006817A1 /* Shakeable */,
				5E1390461BCFFF3A006817A1 /* ShakeableTests */,
				5E1390511BCFFF3A006817A1 /* ShakeableUITests */,
				5E13902D1BCFFF3A006817A1 /* Products */,
			);
			sourceTree = "<group>";
		};
		5E13902D1BCFFF3A006817A1 /* Products */ = {
			isa = PBXGroup;
			children = (
				5E13902C1BCFFF3A006817A1 /* Shakeable.app */,
				5E1390431BCFFF3A006817A1 /* ShakeableTests.xctest */,
				5E13904E1BCFFF3A006817A1 /* ShakeableUITests.xctest */,
			);
			name = Products;
			sourceTree = "<group>";
		};
		5E13902E1BCFFF3A006817A1 /* Shakeable */ = {
			isa = PBXGroup;
			children = (
				A721F8D71BD02DF100AC1554 /* Utilitarios */,
				A721F8D41BD02D7F00AC1554 /* Scene */,
				79672AF11BD02A6400493E67 /* Respostas */,
				79F0718B1BD028D000646DD5 /* Other */,
				79F0718A1BD028B900646DD5 /* View */,
				79F071871BD0289E00646DD5 /* Controller */,
			);
			path = Shakeable;
			sourceTree = "<group>";
		};
		5E1390461BCFFF3A006817A1 /* ShakeableTests */ = {
			isa = PBXGroup;
			children = (
				5E1390471BCFFF3A006817A1 /* ShakeableTests.swift */,
				5E1390491BCFFF3A006817A1 /* Info.plist */,
			);
			path = ShakeableTests;
			sourceTree = "<group>";
		};
		5E1390511BCFFF3A006817A1 /* ShakeableUITests */ = {
			isa = PBXGroup;
			children = (
				5E1390521BCFFF3A006817A1 /* ShakeableUITests.swift */,
				5E1390541BCFFF3A006817A1 /* Info.plist */,
			);
			path = ShakeableUITests;
			sourceTree = "<group>";
		};
		79672AF11BD02A6400493E67 /* Respostas */ = {
			isa = PBXGroup;
			children = (
				79672AF41BD02A8900493E67 /* Respostas8Ball.swift */,
				79672AF51BD02A8900493E67 /* BasketballAnswers.swift */,
				79672AF61BD02A8900493E67 /* RespostasGenericas.swift */,
				79672AF21BD02A7E00493E67 /* RespostasTennis.swift */,
			);
			name = Respostas;
			sourceTree = "<group>";
		};
		79F071871BD0289E00646DD5 /* Controller */ = {
			isa = PBXGroup;
			children = (
				79F071851BD0289E00646DD5 /* GameViewController.swift */,
				79F071861BD0289E00646DD5 /* BallsCollectionViewController.swift */,
			);
			name = Controller;
			path = ../../../MagicBall/MagicBall/MagicBall;
			sourceTree = "<group>";
		};
		79F0718A1BD028B900646DD5 /* View */ = {
			isa = PBXGroup;
			children = (
				5E1390331BCFFF3A006817A1 /* Main.storyboard */,
				5E13903B1BCFFF3A006817A1 /* LaunchScreen.storyboard */,
			);
			name = View;
			sourceTree = "<group>";
		};
		79F0718B1BD028D000646DD5 /* Other */ = {
			isa = PBXGroup;
			children = (
				5E1390391BCFFF3A006817A1 /* Assets.xcassets */,
				5E13903E1BCFFF3A006817A1 /* Info.plist */,
				5E1390361BCFFF3A006817A1 /* Shakeable.xcdatamodeld */,
				5E13902F1BCFFF3A006817A1 /* AppDelegate.swift */,
			);
			name = Other;
			sourceTree = "<group>";
		};
		A721F8D41BD02D7F00AC1554 /* Scene */ = {
			isa = PBXGroup;
			children = (
				A721F8D51BD02DA900AC1554 /* GameScene.swift */,
			);
			name = Scene;
			sourceTree = "<group>";
		};
		A721F8D71BD02DF100AC1554 /* Utilitarios */ = {
			isa = PBXGroup;
			children = (
				A721F8D81BD02E3100AC1554 /* Physics.swift */,
			);
			name = Utilitarios;
			sourceTree = "<group>";
		};
/* End PBXGroup section */

/* Begin PBXNativeTarget section */
		5E13902B1BCFFF3A006817A1 /* Shakeable */ = {
			isa = PBXNativeTarget;
			buildConfigurationList = 5E1390571BCFFF3A006817A1 /* Build configuration list for PBXNativeTarget "Shakeable" */;
			buildPhases = (
				5E1390281BCFFF3A006817A1 /* Sources */,
				5E1390291BCFFF3A006817A1 /* Frameworks */,
				5E13902A1BCFFF3A006817A1 /* Resources */,
			);
			buildRules = (
			);
			dependencies = (
			);
			name = Shakeable;
			productName = Shakeable;
			productReference = 5E13902C1BCFFF3A006817A1 /* Shakeable.app */;
			productType = "com.apple.product-type.application";
		};
		5E1390421BCFFF3A006817A1 /* ShakeableTests */ = {
			isa = PBXNativeTarget;
			buildConfigurationList = 5E13905A1BCFFF3A006817A1 /* Build configuration list for PBXNativeTarget "ShakeableTests" */;
			buildPhases = (
				5E13903F1BCFFF3A006817A1 /* Sources */,
				5E1390401BCFFF3A006817A1 /* Frameworks */,
				5E1390411BCFFF3A006817A1 /* Resources */,
			);
			buildRules = (
			);
			dependencies = (
				5E1390451BCFFF3A006817A1 /* PBXTargetDependency */,
			);
			name = ShakeableTests;
			productName = ShakeableTests;
			productReference = 5E1390431BCFFF3A006817A1 /* ShakeableTests.xctest */;
			productType = "com.apple.product-type.bundle.unit-test";
		};
		5E13904D1BCFFF3A006817A1 /* ShakeableUITests */ = {
			isa = PBXNativeTarget;
			buildConfigurationList = 5E13905D1BCFFF3A006817A1 /* Build configuration list for PBXNativeTarget "ShakeableUITests" */;
			buildPhases = (
				5E13904A1BCFFF3A006817A1 /* Sources */,
				5E13904B1BCFFF3A006817A1 /* Frameworks */,
				5E13904C1BCFFF3A006817A1 /* Resources */,
			);
			buildRules = (
			);
			dependencies = (
				5E1390501BCFFF3A006817A1 /* PBXTargetDependency */,
			);
			name = ShakeableUITests;
			productName = ShakeableUITests;
			productReference = 5E13904E1BCFFF3A006817A1 /* ShakeableUITests.xctest */;
			productType = "com.apple.product-type.bundle.ui-testing";
		};
/* End PBXNativeTarget section */

/* Begin PBXProject section */
		5E1390241BCFFF3A006817A1 /* Project object */ = {
			isa = PBXProject;
			attributes = {
				LastUpgradeCheck = 0700;
				ORGANIZATIONNAME = BEPiD;
				TargetAttributes = {
					5E13902B1BCFFF3A006817A1 = {
						CreatedOnToolsVersion = 7.0;
					};
					5E1390421BCFFF3A006817A1 = {
						CreatedOnToolsVersion = 7.0;
						TestTargetID = 5E13902B1BCFFF3A006817A1;
					};
					5E13904D1BCFFF3A006817A1 = {
						CreatedOnToolsVersion = 7.0;
						TestTargetID = 5E13902B1BCFFF3A006817A1;
					};
				};
			};
			buildConfigurationList = 5E1390271BCFFF3A006817A1 /* Build configuration list for PBXProject "Shakeable" */;
			compatibilityVersion = "Xcode 3.2";
			developmentRegion = English;
			hasScannedForEncodings = 0;
			knownRegions = (
				en,
				Base,
			);
			mainGroup = 5E1390231BCFFF3A006817A1;
			productRefGroup = 5E13902D1BCFFF3A006817A1 /* Products */;
			projectDirPath = "";
			projectRoot = "";
			targets = (
				5E13902B1BCFFF3A006817A1 /* Shakeable */,
				5E1390421BCFFF3A006817A1 /* ShakeableTests */,
				5E13904D1BCFFF3A006817A1 /* ShakeableUITests */,
			);
		};
/* End PBXProject section */

/* Begin PBXResourcesBuildPhase section */
		5E13902A1BCFFF3A006817A1 /* Resources */ = {
			isa = PBXResourcesBuildPhase;
			buildActionMask = 2147483647;
			files = (
				5E13903D1BCFFF3A006817A1 /* LaunchScreen.storyboard in Resources */,
				5E13903A1BCFFF3A006817A1 /* Assets.xcassets in Resources */,
				5E1390351BCFFF3A006817A1 /* Main.storyboard in Resources */,
			);
			runOnlyForDeploymentPostprocessing = 0;
		};
		5E1390411BCFFF3A006817A1 /* Resources */ = {
			isa = PBXResourcesBuildPhase;
			buildActionMask = 2147483647;
			files = (
			);
			runOnlyForDeploymentPostprocessing = 0;
		};
		5E13904C1BCFFF3A006817A1 /* Resources */ = {
			isa = PBXResourcesBuildPhase;
			buildActionMask = 2147483647;
			files = (
			);
			runOnlyForDeploymentPostprocessing = 0;
		};
/* End PBXResourcesBuildPhase section */

/* Begin PBXSourcesBuildPhase section */
		5E1390281BCFFF3A006817A1 /* Sources */ = {
			isa = PBXSourcesBuildPhase;
			buildActionMask = 2147483647;
			files = (
				79672AF91BD02A8900493E67 /* RespostasGenericas.swift in Sources */,
				5E1390301BCFFF3A006817A1 /* AppDelegate.swift in Sources */,
				79672AF31BD02A7E00493E67 /* RespostasTennis.swift in Sources */,
				A721F8D61BD02DA900AC1554 /* GameScene.swift in Sources */,
				79672AF71BD02A8900493E67 /* Respostas8Ball.swift in Sources */,
				79F071881BD0289E00646DD5 /* GameViewController.swift in Sources */,
				5E1390381BCFFF3A006817A1 /* Shakeable.xcdatamodeld in Sources */,
				A721F8D91BD02E3100AC1554 /* Physics.swift in Sources */,
				79F071891BD0289E00646DD5 /* BallsCollectionViewController.swift in Sources */,
				79672AF81BD02A8900493E67 /* BasketballAnswers.swift in Sources */,
			);
			runOnlyForDeploymentPostprocessing = 0;
		};
		5E13903F1BCFFF3A006817A1 /* Sources */ = {
			isa = PBXSourcesBuildPhase;
			buildActionMask = 2147483647;
			files = (
				5E1390481BCFFF3A006817A1 /* ShakeableTests.swift in Sources */,
			);
			runOnlyForDeploymentPostprocessing = 0;
		};
		5E13904A1BCFFF3A006817A1 /* Sources */ = {
			isa = PBXSourcesBuildPhase;
			buildActionMask = 2147483647;
			files = (
				5E1390531BCFFF3A006817A1 /* ShakeableUITests.swift in Sources */,
			);
			runOnlyForDeploymentPostprocessing = 0;
		};
/* End PBXSourcesBuildPhase section */

/* Begin PBXTargetDependency section */
		5E1390451BCFFF3A006817A1 /* PBXTargetDependency */ = {
			isa = PBXTargetDependency;
			target = 5E13902B1BCFFF3A006817A1 /* Shakeable */;
			targetProxy = 5E1390441BCFFF3A006817A1 /* PBXContainerItemProxy */;
		};
		5E1390501BCFFF3A006817A1 /* PBXTargetDependency */ = {
			isa = PBXTargetDependency;
			target = 5E13902B1BCFFF3A006817A1 /* Shakeable */;
			targetProxy = 5E13904F1BCFFF3A006817A1 /* PBXContainerItemProxy */;
		};
/* End PBXTargetDependency section */

/* Begin PBXVariantGroup section */
		5E1390331BCFFF3A006817A1 /* Main.storyboard */ = {
			isa = PBXVariantGroup;
			children = (
				5E1390341BCFFF3A006817A1 /* Base */,
			);
			name = Main.storyboard;
			sourceTree = "<group>";
		};
		5E13903B1BCFFF3A006817A1 /* LaunchScreen.storyboard */ = {
			isa = PBXVariantGroup;
			children = (
				5E13903C1BCFFF3A006817A1 /* Base */,
			);
			name = LaunchScreen.storyboard;
			sourceTree = "<group>";
		};
/* End PBXVariantGroup section */

/* Begin XCBuildConfiguration section */
		5E1390551BCFFF3A006817A1 /* Debug */ = {
			isa = XCBuildConfiguration;
			buildSettings = {
				ALWAYS_SEARCH_USER_PATHS = NO;
				CLANG_CXX_LANGUAGE_STANDARD = "gnu++0x";
				CLANG_CXX_LIBRARY = "libc++";
				CLANG_ENABLE_MODULES = YES;
				CLANG_ENABLE_OBJC_ARC = YES;
				CLANG_WARN_BOOL_CONVERSION = YES;
				CLANG_WARN_CONSTANT_CONVERSION = YES;
				CLANG_WARN_DIRECT_OBJC_ISA_USAGE = YES_ERROR;
				CLANG_WARN_EMPTY_BODY = YES;
				CLANG_WARN_ENUM_CONVERSION = YES;
				CLANG_WARN_INT_CONVERSION = YES;
				CLANG_WARN_OBJC_ROOT_CLASS = YES_ERROR;
				CLANG_WARN_UNREACHABLE_CODE = YES;
				CLANG_WARN__DUPLICATE_METHOD_MATCH = YES;
				"CODE_SIGN_IDENTITY[sdk=iphoneos*]" = "iPhone Developer";
				COPY_PHASE_STRIP = NO;
				DEBUG_INFORMATION_FORMAT = dwarf;
				ENABLE_STRICT_OBJC_MSGSEND = YES;
				ENABLE_TESTABILITY = YES;
				GCC_C_LANGUAGE_STANDARD = gnu99;
				GCC_DYNAMIC_NO_PIC = NO;
				GCC_NO_COMMON_BLOCKS = YES;
				GCC_OPTIMIZATION_LEVEL = 0;
				GCC_PREPROCESSOR_DEFINITIONS = (
					"DEBUG=1",
					"$(inherited)",
				);
				GCC_WARN_64_TO_32_BIT_CONVERSION = YES;
				GCC_WARN_ABOUT_RETURN_TYPE = YES_ERROR;
				GCC_WARN_UNDECLARED_SELECTOR = YES;
				GCC_WARN_UNINITIALIZED_AUTOS = YES_AGGRESSIVE;
				GCC_WARN_UNUSED_FUNCTION = YES;
				GCC_WARN_UNUSED_VARIABLE = YES;
				IPHONEOS_DEPLOYMENT_TARGET = 9.0;
				MTL_ENABLE_DEBUG_INFO = YES;
				ONLY_ACTIVE_ARCH = YES;
				SDKROOT = iphoneos;
				SWIFT_OPTIMIZATION_LEVEL = "-Onone";
			};
			name = Debug;
		};
		5E1390561BCFFF3A006817A1 /* Release */ = {
			isa = XCBuildConfiguration;
			buildSettings = {
				ALWAYS_SEARCH_USER_PATHS = NO;
				CLANG_CXX_LANGUAGE_STANDARD = "gnu++0x";
				CLANG_CXX_LIBRARY = "libc++";
				CLANG_ENABLE_MODULES = YES;
				CLANG_ENABLE_OBJC_ARC = YES;
				CLANG_WARN_BOOL_CONVERSION = YES;
				CLANG_WARN_CONSTANT_CONVERSION = YES;
				CLANG_WARN_DIRECT_OBJC_ISA_USAGE = YES_ERROR;
				CLANG_WARN_EMPTY_BODY = YES;
				CLANG_WARN_ENUM_CONVERSION = YES;
				CLANG_WARN_INT_CONVERSION = YES;
				CLANG_WARN_OBJC_ROOT_CLASS = YES_ERROR;
				CLANG_WARN_UNREACHABLE_CODE = YES;
				CLANG_WARN__DUPLICATE_METHOD_MATCH = YES;
				"CODE_SIGN_IDENTITY[sdk=iphoneos*]" = "iPhone Developer";
				COPY_PHASE_STRIP = NO;
				DEBUG_INFORMATION_FORMAT = "dwarf-with-dsym";
				ENABLE_NS_ASSERTIONS = NO;
				ENABLE_STRICT_OBJC_MSGSEND = YES;
				GCC_C_LANGUAGE_STANDARD = gnu99;
				GCC_NO_COMMON_BLOCKS = YES;
				GCC_WARN_64_TO_32_BIT_CONVERSION = YES;
				GCC_WARN_ABOUT_RETURN_TYPE = YES_ERROR;
				GCC_WARN_UNDECLARED_SELECTOR = YES;
				GCC_WARN_UNINITIALIZED_AUTOS = YES_AGGRESSIVE;
				GCC_WARN_UNUSED_FUNCTION = YES;
				GCC_WARN_UNUSED_VARIABLE = YES;
				IPHONEOS_DEPLOYMENT_TARGET = 9.0;
				MTL_ENABLE_DEBUG_INFO = NO;
				SDKROOT = iphoneos;
				VALIDATE_PRODUCT = YES;
			};
			name = Release;
		};
		5E1390581BCFFF3A006817A1 /* Debug */ = {
			isa = XCBuildConfiguration;
			buildSettings = {
				ASSETCATALOG_COMPILER_APPICON_NAME = AppIcon;
				INFOPLIST_FILE = Shakeable/Info.plist;
				LD_RUNPATH_SEARCH_PATHS = "$(inherited) @executable_path/Frameworks";
				PRODUCT_BUNDLE_IDENTIFIER = BEPiD.Shakeable;
				PRODUCT_NAME = "$(TARGET_NAME)";
			};
			name = Debug;
		};
		5E1390591BCFFF3A006817A1 /* Release */ = {
			isa = XCBuildConfiguration;
			buildSettings = {
				ASSETCATALOG_COMPILER_APPICON_NAME = AppIcon;
				INFOPLIST_FILE = Shakeable/Info.plist;
				LD_RUNPATH_SEARCH_PATHS = "$(inherited) @executable_path/Frameworks";
				PRODUCT_BUNDLE_IDENTIFIER = BEPiD.Shakeable;
				PRODUCT_NAME = "$(TARGET_NAME)";
			};
			name = Release;
		};
		5E13905B1BCFFF3A006817A1 /* Debug */ = {
			isa = XCBuildConfiguration;
			buildSettings = {
				BUNDLE_LOADER = "$(TEST_HOST)";
				INFOPLIST_FILE = ShakeableTests/Info.plist;
				LD_RUNPATH_SEARCH_PATHS = "$(inherited) @executable_path/Frameworks @loader_path/Frameworks";
				PRODUCT_BUNDLE_IDENTIFIER = BEPiD.ShakeableTests;
				PRODUCT_NAME = "$(TARGET_NAME)";
				TEST_HOST = "$(BUILT_PRODUCTS_DIR)/Shakeable.app/Shakeable";
			};
			name = Debug;
		};
		5E13905C1BCFFF3A006817A1 /* Release */ = {
			isa = XCBuildConfiguration;
			buildSettings = {
				BUNDLE_LOADER = "$(TEST_HOST)";
				INFOPLIST_FILE = ShakeableTests/Info.plist;
				LD_RUNPATH_SEARCH_PATHS = "$(inherited) @executable_path/Frameworks @loader_path/Frameworks";
				PRODUCT_BUNDLE_IDENTIFIER = BEPiD.ShakeableTests;
				PRODUCT_NAME = "$(TARGET_NAME)";
				TEST_HOST = "$(BUILT_PRODUCTS_DIR)/Shakeable.app/Shakeable";
			};
			name = Release;
		};
		5E13905E1BCFFF3A006817A1 /* Debug */ = {
			isa = XCBuildConfiguration;
			buildSettings = {
				INFOPLIST_FILE = ShakeableUITests/Info.plist;
				LD_RUNPATH_SEARCH_PATHS = "$(inherited) @executable_path/Frameworks @loader_path/Frameworks";
				PRODUCT_BUNDLE_IDENTIFIER = BEPiD.ShakeableUITests;
				PRODUCT_NAME = "$(TARGET_NAME)";
				TEST_TARGET_NAME = Shakeable;
				USES_XCTRUNNER = YES;
			};
			name = Debug;
		};
		5E13905F1BCFFF3A006817A1 /* Release */ = {
			isa = XCBuildConfiguration;
			buildSettings = {
				INFOPLIST_FILE = ShakeableUITests/Info.plist;
				LD_RUNPATH_SEARCH_PATHS = "$(inherited) @executable_path/Frameworks @loader_path/Frameworks";
				PRODUCT_BUNDLE_IDENTIFIER = BEPiD.ShakeableUITests;
				PRODUCT_NAME = "$(TARGET_NAME)";
				TEST_TARGET_NAME = Shakeable;
				USES_XCTRUNNER = YES;
			};
			name = Release;
		};
/* End XCBuildConfiguration section */

/* Begin XCConfigurationList section */
		5E1390271BCFFF3A006817A1 /* Build configuration list for PBXProject "Shakeable" */ = {
			isa = XCConfigurationList;
			buildConfigurations = (
				5E1390551BCFFF3A006817A1 /* Debug */,
				5E1390561BCFFF3A006817A1 /* Release */,
			);
			defaultConfigurationIsVisible = 0;
			defaultConfigurationName = Release;
		};
		5E1390571BCFFF3A006817A1 /* Build configuration list for PBXNativeTarget "Shakeable" */ = {
			isa = XCConfigurationList;
			buildConfigurations = (
				5E1390581BCFFF3A006817A1 /* Debug */,
				5E1390591BCFFF3A006817A1 /* Release */,
			);
			defaultConfigurationIsVisible = 0;
			defaultConfigurationName = Release;
		};
		5E13905A1BCFFF3A006817A1 /* Build configuration list for PBXNativeTarget "ShakeableTests" */ = {
			isa = XCConfigurationList;
			buildConfigurations = (
				5E13905B1BCFFF3A006817A1 /* Debug */,
				5E13905C1BCFFF3A006817A1 /* Release */,
			);
			defaultConfigurationIsVisible = 0;
			defaultConfigurationName = Release;
		};
		5E13905D1BCFFF3A006817A1 /* Build configuration list for PBXNativeTarget "ShakeableUITests" */ = {
			isa = XCConfigurationList;
			buildConfigurations = (
				5E13905E1BCFFF3A006817A1 /* Debug */,
				5E13905F1BCFFF3A006817A1 /* Release */,
			);
			defaultConfigurationIsVisible = 0;
			defaultConfigurationName = Release;
		};
/* End XCConfigurationList section */

/* Begin XCVersionGroup section */
		5E1390361BCFFF3A006817A1 /* Shakeable.xcdatamodeld */ = {
			isa = XCVersionGroup;
			children = (
				5E1390371BCFFF3A006817A1 /* Shakeable.xcdatamodel */,
			);
			currentVersion = 5E1390371BCFFF3A006817A1 /* Shakeable.xcdatamodel */;
			path = Shakeable.xcdatamodeld;
			sourceTree = "<group>";
			versionGroupType = wrapper.xcdatamodel;
		};
/* End XCVersionGroup section */
	};
	rootObject = 5E1390241BCFFF3A006817A1 /* Project object */;
}
